
Microsoft Visual Studio Solution File, Format Version 12.00
Project("{FAE04EC0-301F-11D3-BF4B-00C04F79EFBC}") = "Dag 1 - HelloWorld", "Dag 1 - HelloWorld\Dag 1 - HelloWorld.csproj", "{378DFFF2-90CC-4274-A647-D5FB99E4FC34}"
EndProject
Project("{FAE04EC0-301F-11D3-BF4B-00C04F79EFBC}") = "MyLibrary", "MyLibrary\MyLibrary.csproj", "{F78EEA93-1088-45BD-81F2-850784FC0DB7}"
EndProject
Project("{2150E333-8FDC-42A3-9474-1A3956D46DE8}") = "Lektion1", "Lektion1", "{BDA412B9-3E71-4CC8-8658-0D67816A45D2}"
EndProject
Project("{2150E333-8FDC-42A3-9474-1A3956D46DE8}") = "Lektion2", "Lektion2", "{4D48D5CC-A3A7-4A2F-9598-D3D408D5A3FA}"
EndProject
Project("{FAE04EC0-301F-11D3-BF4B-00C04F79EFBC}") = "Lektion2Fibonacci", "Lektion2Fibonacci\Lektion2Fibonacci.csproj", "{65F26ED8-B2C1-4CB1-BF39-1960844CE894}"
EndProject
Global
	GlobalSection(SolutionConfigurationPlatforms) = preSolution
		Debug|Any CPU = Debug|Any CPU
		Release|Any CPU = Release|Any CPU
	EndGlobalSection
	GlobalSection(ProjectConfigurationPlatforms) = postSolution
		{378DFFF2-90CC-4274-A647-D5FB99E4FC34}.Debug|Any CPU.ActiveCfg = Debug|Any CPU
		{378DFFF2-90CC-4274-A647-D5FB99E4FC34}.Debug|Any CPU.Build.0 = Debug|Any CPU
		{378DFFF2-90CC-4274-A647-D5FB99E4FC34}.Release|Any CPU.ActiveCfg = Release|Any CPU
		{378DFFF2-90CC-4274-A647-D5FB99E4FC34}.Release|Any CPU.Build.0 = Release|Any CPU
		{F78EEA93-1088-45BD-81F2-850784FC0DB7}.Debug|Any CPU.ActiveCfg = Debug|Any CPU
		{F78EEA93-1088-45BD-81F2-850784FC0DB7}.Debug|Any CPU.Build.0 = Debug|Any CPU
		{F78EEA93-1088-45BD-81F2-850784FC0DB7}.Release|Any CPU.ActiveCfg = Release|Any CPU
		{F78EEA93-1088-45BD-81F2-850784FC0DB7}.Release|Any CPU.Build.0 = Release|Any CPU
		{65F26ED8-B2C1-4CB1-BF39-1960844CE894}.Debug|Any CPU.ActiveCfg = Debug|Any CPU
		{65F26ED8-B2C1-4CB1-BF39-1960844CE894}.Debug|Any CPU.Build.0 = Debug|Any CPU
		{65F26ED8-B2C1-4CB1-BF39-1960844CE894}.Release|Any CPU.ActiveCfg = Release|Any CPU
		{65F26ED8-B2C1-4CB1-BF39-1960844CE894}.Release|Any CPU.Build.0 = Release|Any CPU
	EndGlobalSection
	GlobalSection(NestedProjects) = preSolution
		{378DFFF2-90CC-4274-A647-D5FB99E4FC34} = {BDA412B9-3E71-4CC8-8658-0D67816A45D2}
		{F78EEA93-1088-45BD-81F2-850784FC0DB7} = {BDA412B9-3E71-4CC8-8658-0D67816A45D2}
		{65F26ED8-B2C1-4CB1-BF39-1960844CE894} = {4D48D5CC-A3A7-4A2F-9598-D3D408D5A3FA}
	EndGlobalSection
EndGlobal
