
Microsoft Visual Studio Solution File, Format Version 12.00
Project("{FAE04EC0-301F-11D3-BF4B-00C04F79EFBC}") = "Dag 1 - HelloWorld", "Dag 1 - HelloWorld\Dag 1 - HelloWorld.csproj", "{378DFFF2-90CC-4274-A647-D5FB99E4FC34}"
EndProject
Project("{FAE04EC0-301F-11D3-BF4B-00C04F79EFBC}") = "MyLibrary", "MyLibrary\MyLibrary.csproj", "{F78EEA93-1088-45BD-81F2-850784FC0DB7}"
EndProject
Project("{2150E333-8FDC-42A3-9474-1A3956D46DE8}") = "Lektion1", "Lektion1", "{BDA412B9-3E71-4CC8-8658-0D67816A45D2}"
EndProject
Project("{2150E333-8FDC-42A3-9474-1A3956D46DE8}") = "Lektion2", "Lektion2", "{4D48D5CC-A3A7-4A2F-9598-D3D408D5A3FA}"
EndProject
Project("{2150E333-8FDC-42A3-9474-1A3956D46DE8}") = "CalculateAge", "CalculateAge", "{9068E3FE-862D-40B5-9B0E-397FB4D999EA}"
EndProject
Project("{2150E333-8FDC-42A3-9474-1A3956D46DE8}") = "Fibonacci", "Fibonacci", "{31317898-C349-4B77-8BE7-F94D8BCD23BE}"
EndProject
Project("{FAE04EC0-301F-11D3-BF4B-00C04F79EFBC}") = "CalculateAge", "CalculateAge\CalculateAge.csproj", "{91F0D76E-74C4-4858-9D22-9D3E1AC20772}"
EndProject
Project("{FAE04EC0-301F-11D3-BF4B-00C04F79EFBC}") = "Fibonacci", "Fibonacci\Fibonacci.csproj", "{3777A3B8-84DF-4F76-B725-E50667B32DE1}"
EndProject
Project("{2150E333-8FDC-42A3-9474-1A3956D46DE8}") = "Opgave5", "Opgave5", "{2B06A483-9F3D-4366-ADCC-5DB82D8A560D}"
EndProject
Project("{FAE04EC0-301F-11D3-BF4B-00C04F79EFBC}") = "ErrorHandling", "ErrorHandling\ErrorHandling.csproj", "{BCD708CD-19A9-4380-82DE-9A72A6507BB4}"
EndProject
Global
	GlobalSection(SolutionConfigurationPlatforms) = preSolution
		Debug|Any CPU = Debug|Any CPU
		Release|Any CPU = Release|Any CPU
	EndGlobalSection
	GlobalSection(ProjectConfigurationPlatforms) = postSolution
		{378DFFF2-90CC-4274-A647-D5FB99E4FC34}.Debug|Any CPU.ActiveCfg = Debug|Any CPU
		{378DFFF2-90CC-4274-A647-D5FB99E4FC34}.Debug|Any CPU.Build.0 = Debug|Any CPU
		{378DFFF2-90CC-4274-A647-D5FB99E4FC34}.Release|Any CPU.ActiveCfg = Release|Any CPU
		{378DFFF2-90CC-4274-A647-D5FB99E4FC34}.Release|Any CPU.Build.0 = Release|Any CPU
		{F78EEA93-1088-45BD-81F2-850784FC0DB7}.Debug|Any CPU.ActiveCfg = Debug|Any CPU
		{F78EEA93-1088-45BD-81F2-850784FC0DB7}.Debug|Any CPU.Build.0 = Debug|Any CPU
		{F78EEA93-1088-45BD-81F2-850784FC0DB7}.Release|Any CPU.ActiveCfg = Release|Any CPU
		{F78EEA93-1088-45BD-81F2-850784FC0DB7}.Release|Any CPU.Build.0 = Release|Any CPU
		{91F0D76E-74C4-4858-9D22-9D3E1AC20772}.Debug|Any CPU.ActiveCfg = Debug|Any CPU
		{91F0D76E-74C4-4858-9D22-9D3E1AC20772}.Debug|Any CPU.Build.0 = Debug|Any CPU
		{91F0D76E-74C4-4858-9D22-9D3E1AC20772}.Release|Any CPU.ActiveCfg = Release|Any CPU
		{91F0D76E-74C4-4858-9D22-9D3E1AC20772}.Release|Any CPU.Build.0 = Release|Any CPU
		{3777A3B8-84DF-4F76-B725-E50667B32DE1}.Debug|Any CPU.ActiveCfg = Debug|Any CPU
		{3777A3B8-84DF-4F76-B725-E50667B32DE1}.Debug|Any CPU.Build.0 = Debug|Any CPU
		{3777A3B8-84DF-4F76-B725-E50667B32DE1}.Release|Any CPU.ActiveCfg = Release|Any CPU
		{3777A3B8-84DF-4F76-B725-E50667B32DE1}.Release|Any CPU.Build.0 = Release|Any CPU
		{BCD708CD-19A9-4380-82DE-9A72A6507BB4}.Debug|Any CPU.ActiveCfg = Debug|Any CPU
		{BCD708CD-19A9-4380-82DE-9A72A6507BB4}.Debug|Any CPU.Build.0 = Debug|Any CPU
		{BCD708CD-19A9-4380-82DE-9A72A6507BB4}.Release|Any CPU.ActiveCfg = Release|Any CPU
		{BCD708CD-19A9-4380-82DE-9A72A6507BB4}.Release|Any CPU.Build.0 = Release|Any CPU
	EndGlobalSection
	GlobalSection(NestedProjects) = preSolution
		{378DFFF2-90CC-4274-A647-D5FB99E4FC34} = {BDA412B9-3E71-4CC8-8658-0D67816A45D2}
		{F78EEA93-1088-45BD-81F2-850784FC0DB7} = {BDA412B9-3E71-4CC8-8658-0D67816A45D2}
		{9068E3FE-862D-40B5-9B0E-397FB4D999EA} = {4D48D5CC-A3A7-4A2F-9598-D3D408D5A3FA}
		{31317898-C349-4B77-8BE7-F94D8BCD23BE} = {4D48D5CC-A3A7-4A2F-9598-D3D408D5A3FA}
		{91F0D76E-74C4-4858-9D22-9D3E1AC20772} = {9068E3FE-862D-40B5-9B0E-397FB4D999EA}
		{3777A3B8-84DF-4F76-B725-E50667B32DE1} = {31317898-C349-4B77-8BE7-F94D8BCD23BE}
		{2B06A483-9F3D-4366-ADCC-5DB82D8A560D} = {4D48D5CC-A3A7-4A2F-9598-D3D408D5A3FA}
		{BCD708CD-19A9-4380-82DE-9A72A6507BB4} = {2B06A483-9F3D-4366-ADCC-5DB82D8A560D}
	EndGlobalSection
EndGlobal
