
Microsoft Visual Studio Solution File, Format Version 12.00
Project("{FAE04EC0-301F-11D3-BF4B-00C04F79EFBC}") = "Dag 1 - HelloWorld", "Dag 1 - HelloWorld\Dag 1 - HelloWorld.csproj", "{378DFFF2-90CC-4274-A647-D5FB99E4FC34}"
EndProject
Project("{FAE04EC0-301F-11D3-BF4B-00C04F79EFBC}") = "MyLibrary", "MyLibrary\MyLibrary.csproj", "{F78EEA93-1088-45BD-81F2-850784FC0DB7}"
EndProject
Project("{2150E333-8FDC-42A3-9474-1A3956D46DE8}") = "Lektion1", "Lektion1", "{BDA412B9-3E71-4CC8-8658-0D67816A45D2}"
EndProject
Project("{2150E333-8FDC-42A3-9474-1A3956D46DE8}") = "Lektion2", "Lektion2", "{4D48D5CC-A3A7-4A2F-9598-D3D408D5A3FA}"
EndProject
Project("{2150E333-8FDC-42A3-9474-1A3956D46DE8}") = "CalculateAge", "CalculateAge", "{9068E3FE-862D-40B5-9B0E-397FB4D999EA}"
EndProject
Project("{2150E333-8FDC-42A3-9474-1A3956D46DE8}") = "Fibonacci", "Fibonacci", "{31317898-C349-4B77-8BE7-F94D8BCD23BE}"
EndProject
Project("{FAE04EC0-301F-11D3-BF4B-00C04F79EFBC}") = "CalculateAge", "CalculateAge\CalculateAge.csproj", "{91F0D76E-74C4-4858-9D22-9D3E1AC20772}"
EndProject
Project("{FAE04EC0-301F-11D3-BF4B-00C04F79EFBC}") = "Fibonacci", "Fibonacci\Fibonacci.csproj", "{3777A3B8-84DF-4F76-B725-E50667B32DE1}"
EndProject
Project("{2150E333-8FDC-42A3-9474-1A3956D46DE8}") = "Opgave5", "Opgave5", "{2B06A483-9F3D-4366-ADCC-5DB82D8A560D}"
EndProject
Project("{FAE04EC0-301F-11D3-BF4B-00C04F79EFBC}") = "ErrorHandling", "ErrorHandling\ErrorHandling.csproj", "{BCD708CD-19A9-4380-82DE-9A72A6507BB4}"
EndProject
Project("{2150E333-8FDC-42A3-9474-1A3956D46DE8}") = "Lektion3", "Lektion3", "{ED44B32D-89DC-48DC-B54D-B105B6932BA6}"
EndProject
Project("{2150E333-8FDC-42A3-9474-1A3956D46DE8}") = "Eksempler", "Eksempler", "{CC225848-324D-4171-936F-D8F3C5EE1D23}"
EndProject
Project("{2150E333-8FDC-42A3-9474-1A3956D46DE8}") = "ShapesOpgave", "ShapesOpgave", "{AD2ED777-049D-4303-8EB7-A497C6804481}"
EndProject
Project("{FAE04EC0-301F-11D3-BF4B-00C04F79EFBC}") = "Session3EksempelCore", "..\..\..\..\..\Desktop\Session3Eksempel\Session3EksempelCore\Session3EksempelCore.csproj", "{487232C7-F48A-46AD-B00A-3FFD80386ED4}"
EndProject
Project("{2150E333-8FDC-42A3-9474-1A3956D46DE8}") = "Eksempel", "Eksempel", "{407BC32E-2237-4DB9-BD74-2A8D5223E497}"
EndProject
Project("{FAE04EC0-301F-11D3-BF4B-00C04F79EFBC}") = "Session2Eksempel", "..\..\..\..\..\Desktop\Session2Eksempel\Session2Eksempel\Session2Eksempel.csproj", "{F0E97FB8-CA06-400F-9443-B1B9E6C03DD7}"
EndProject
Project("{FAE04EC0-301F-11D3-BF4B-00C04F79EFBC}") = "Shapes", "Shapes\Shapes.csproj", "{FDFA4B47-DC24-40FF-8904-218A2EDD7EAF}"
EndProject
Project("{2150E333-8FDC-42A3-9474-1A3956D46DE8}") = "Opgave3.2", "Opgave3.2", "{1327AD60-5DF3-4971-9FC4-9ADCB58DC670}"
EndProject
Project("{FAE04EC0-301F-11D3-BF4B-00C04F79EFBC}") = "Værksted", "Værksted\Værksted.csproj", "{4E328CDE-E186-4F02-AB02-126C0ECC20B3}"
EndProject
Project("{2150E333-8FDC-42A3-9474-1A3956D46DE8}") = "Lektion4", "Lektion4", "{DEAB742D-752D-43EB-BF7E-8798A1513E44}"
EndProject
Project("{2150E333-8FDC-42A3-9474-1A3956D46DE8}") = "Extensions opg4.1", "Extensions opg4.1", "{95C5A09F-A06A-4746-81A6-9769439D23A0}"
EndProject
Project("{FAE04EC0-301F-11D3-BF4B-00C04F79EFBC}") = "Extensions", "Extensions\Extensions.csproj", "{0443C0CE-14C4-4D3C-9527-95E45A6E77F9}"
EndProject
Project("{2150E333-8FDC-42A3-9474-1A3956D46DE8}") = "Delegate opg4.1a", "Delegate opg4.1a", "{C1D0A4AE-70C9-4DC1-8CFC-2A722B3EC02C}"
EndProject
Project("{FAE04EC0-301F-11D3-BF4B-00C04F79EFBC}") = "Delegates", "Delegates\Delegates.csproj", "{1A41620A-1D79-4F67-8F57-D34CC472AB1E}"
EndProject
Project("{2150E333-8FDC-42A3-9474-1A3956D46DE8}") = "PowerPlant", "PowerPlant", "{A6B658EC-6AD2-441C-8F59-817EEEE4173C}"
EndProject
Project("{FAE04EC0-301F-11D3-BF4B-00C04F79EFBC}") = "Kraftværk", "Kraftværk\Kraftværk.csproj", "{32C1E53E-7D04-4FA1-8CDB-35A034F7A890}"
EndProject
Project("{2150E333-8FDC-42A3-9474-1A3956D46DE8}") = "Opgave4.3", "Opgave4.3", "{31832F73-7826-49D8-8A28-0FCBE6AF82C9}"
EndProject
Project("{FAE04EC0-301F-11D3-BF4B-00C04F79EFBC}") = "MatematiskeUdregninger", "MatematiskeUdregninger\MatematiskeUdregninger.csproj", "{EFB6CE2D-188F-48F1-AB6B-BBAE6459B0F4}"
EndProject
Project("{2150E333-8FDC-42A3-9474-1A3956D46DE8}") = "Opgave4.4", "Opgave4.4", "{4825C267-3650-4B5D-8410-4EDF4B846C5B}"
EndProject
Project("{FAE04EC0-301F-11D3-BF4B-00C04F79EFBC}") = "Power", "Power\Power.csproj", "{33B2CEBD-8FD7-4135-BE65-7E150AAAC1F9}"
EndProject
Project("{2150E333-8FDC-42A3-9474-1A3956D46DE8}") = "Opgave4.5", "Opgave4.5", "{30D5A0E2-A4B9-4BD4-82C8-FDD49F07456D}"
EndProject
Project("{FAE04EC0-301F-11D3-BF4B-00C04F79EFBC}") = "Cards", "Cards\Cards.csproj", "{99486B24-A5F6-4BC2-AAC5-35CBBC97849E}"
EndProject
Global
	GlobalSection(SolutionConfigurationPlatforms) = preSolution
		Debug|Any CPU = Debug|Any CPU
		Release|Any CPU = Release|Any CPU
	EndGlobalSection
	GlobalSection(ProjectConfigurationPlatforms) = postSolution
		{378DFFF2-90CC-4274-A647-D5FB99E4FC34}.Debug|Any CPU.ActiveCfg = Debug|Any CPU
		{378DFFF2-90CC-4274-A647-D5FB99E4FC34}.Debug|Any CPU.Build.0 = Debug|Any CPU
		{378DFFF2-90CC-4274-A647-D5FB99E4FC34}.Release|Any CPU.ActiveCfg = Release|Any CPU
		{378DFFF2-90CC-4274-A647-D5FB99E4FC34}.Release|Any CPU.Build.0 = Release|Any CPU
		{F78EEA93-1088-45BD-81F2-850784FC0DB7}.Debug|Any CPU.ActiveCfg = Debug|Any CPU
		{F78EEA93-1088-45BD-81F2-850784FC0DB7}.Debug|Any CPU.Build.0 = Debug|Any CPU
		{F78EEA93-1088-45BD-81F2-850784FC0DB7}.Release|Any CPU.ActiveCfg = Release|Any CPU
		{F78EEA93-1088-45BD-81F2-850784FC0DB7}.Release|Any CPU.Build.0 = Release|Any CPU
		{91F0D76E-74C4-4858-9D22-9D3E1AC20772}.Debug|Any CPU.ActiveCfg = Debug|Any CPU
		{91F0D76E-74C4-4858-9D22-9D3E1AC20772}.Debug|Any CPU.Build.0 = Debug|Any CPU
		{91F0D76E-74C4-4858-9D22-9D3E1AC20772}.Release|Any CPU.ActiveCfg = Release|Any CPU
		{91F0D76E-74C4-4858-9D22-9D3E1AC20772}.Release|Any CPU.Build.0 = Release|Any CPU
		{3777A3B8-84DF-4F76-B725-E50667B32DE1}.Debug|Any CPU.ActiveCfg = Debug|Any CPU
		{3777A3B8-84DF-4F76-B725-E50667B32DE1}.Debug|Any CPU.Build.0 = Debug|Any CPU
		{3777A3B8-84DF-4F76-B725-E50667B32DE1}.Release|Any CPU.ActiveCfg = Release|Any CPU
		{3777A3B8-84DF-4F76-B725-E50667B32DE1}.Release|Any CPU.Build.0 = Release|Any CPU
		{BCD708CD-19A9-4380-82DE-9A72A6507BB4}.Debug|Any CPU.ActiveCfg = Debug|Any CPU
		{BCD708CD-19A9-4380-82DE-9A72A6507BB4}.Debug|Any CPU.Build.0 = Debug|Any CPU
		{BCD708CD-19A9-4380-82DE-9A72A6507BB4}.Release|Any CPU.ActiveCfg = Release|Any CPU
		{BCD708CD-19A9-4380-82DE-9A72A6507BB4}.Release|Any CPU.Build.0 = Release|Any CPU
		{487232C7-F48A-46AD-B00A-3FFD80386ED4}.Debug|Any CPU.ActiveCfg = Debug|Any CPU
		{487232C7-F48A-46AD-B00A-3FFD80386ED4}.Debug|Any CPU.Build.0 = Debug|Any CPU
		{487232C7-F48A-46AD-B00A-3FFD80386ED4}.Release|Any CPU.ActiveCfg = Release|Any CPU
		{487232C7-F48A-46AD-B00A-3FFD80386ED4}.Release|Any CPU.Build.0 = Release|Any CPU
		{F0E97FB8-CA06-400F-9443-B1B9E6C03DD7}.Debug|Any CPU.ActiveCfg = Debug|Any CPU
		{F0E97FB8-CA06-400F-9443-B1B9E6C03DD7}.Debug|Any CPU.Build.0 = Debug|Any CPU
		{F0E97FB8-CA06-400F-9443-B1B9E6C03DD7}.Release|Any CPU.ActiveCfg = Release|Any CPU
		{F0E97FB8-CA06-400F-9443-B1B9E6C03DD7}.Release|Any CPU.Build.0 = Release|Any CPU
		{FDFA4B47-DC24-40FF-8904-218A2EDD7EAF}.Debug|Any CPU.ActiveCfg = Debug|Any CPU
		{FDFA4B47-DC24-40FF-8904-218A2EDD7EAF}.Debug|Any CPU.Build.0 = Debug|Any CPU
		{FDFA4B47-DC24-40FF-8904-218A2EDD7EAF}.Release|Any CPU.ActiveCfg = Release|Any CPU
		{FDFA4B47-DC24-40FF-8904-218A2EDD7EAF}.Release|Any CPU.Build.0 = Release|Any CPU
		{4E328CDE-E186-4F02-AB02-126C0ECC20B3}.Debug|Any CPU.ActiveCfg = Debug|Any CPU
		{4E328CDE-E186-4F02-AB02-126C0ECC20B3}.Debug|Any CPU.Build.0 = Debug|Any CPU
		{4E328CDE-E186-4F02-AB02-126C0ECC20B3}.Release|Any CPU.ActiveCfg = Release|Any CPU
		{4E328CDE-E186-4F02-AB02-126C0ECC20B3}.Release|Any CPU.Build.0 = Release|Any CPU
		{0443C0CE-14C4-4D3C-9527-95E45A6E77F9}.Debug|Any CPU.ActiveCfg = Debug|Any CPU
		{0443C0CE-14C4-4D3C-9527-95E45A6E77F9}.Debug|Any CPU.Build.0 = Debug|Any CPU
		{0443C0CE-14C4-4D3C-9527-95E45A6E77F9}.Release|Any CPU.ActiveCfg = Release|Any CPU
		{0443C0CE-14C4-4D3C-9527-95E45A6E77F9}.Release|Any CPU.Build.0 = Release|Any CPU
		{1A41620A-1D79-4F67-8F57-D34CC472AB1E}.Debug|Any CPU.ActiveCfg = Debug|Any CPU
		{1A41620A-1D79-4F67-8F57-D34CC472AB1E}.Debug|Any CPU.Build.0 = Debug|Any CPU
		{1A41620A-1D79-4F67-8F57-D34CC472AB1E}.Release|Any CPU.ActiveCfg = Release|Any CPU
		{1A41620A-1D79-4F67-8F57-D34CC472AB1E}.Release|Any CPU.Build.0 = Release|Any CPU
		{32C1E53E-7D04-4FA1-8CDB-35A034F7A890}.Debug|Any CPU.ActiveCfg = Debug|Any CPU
		{32C1E53E-7D04-4FA1-8CDB-35A034F7A890}.Debug|Any CPU.Build.0 = Debug|Any CPU
		{32C1E53E-7D04-4FA1-8CDB-35A034F7A890}.Release|Any CPU.ActiveCfg = Release|Any CPU
		{32C1E53E-7D04-4FA1-8CDB-35A034F7A890}.Release|Any CPU.Build.0 = Release|Any CPU
		{EFB6CE2D-188F-48F1-AB6B-BBAE6459B0F4}.Debug|Any CPU.ActiveCfg = Debug|Any CPU
		{EFB6CE2D-188F-48F1-AB6B-BBAE6459B0F4}.Debug|Any CPU.Build.0 = Debug|Any CPU
		{EFB6CE2D-188F-48F1-AB6B-BBAE6459B0F4}.Release|Any CPU.ActiveCfg = Release|Any CPU
		{EFB6CE2D-188F-48F1-AB6B-BBAE6459B0F4}.Release|Any CPU.Build.0 = Release|Any CPU
		{33B2CEBD-8FD7-4135-BE65-7E150AAAC1F9}.Debug|Any CPU.ActiveCfg = Debug|Any CPU
		{33B2CEBD-8FD7-4135-BE65-7E150AAAC1F9}.Debug|Any CPU.Build.0 = Debug|Any CPU
		{33B2CEBD-8FD7-4135-BE65-7E150AAAC1F9}.Release|Any CPU.ActiveCfg = Release|Any CPU
		{33B2CEBD-8FD7-4135-BE65-7E150AAAC1F9}.Release|Any CPU.Build.0 = Release|Any CPU
		{99486B24-A5F6-4BC2-AAC5-35CBBC97849E}.Debug|Any CPU.ActiveCfg = Debug|Any CPU
		{99486B24-A5F6-4BC2-AAC5-35CBBC97849E}.Debug|Any CPU.Build.0 = Debug|Any CPU
		{99486B24-A5F6-4BC2-AAC5-35CBBC97849E}.Release|Any CPU.ActiveCfg = Release|Any CPU
		{99486B24-A5F6-4BC2-AAC5-35CBBC97849E}.Release|Any CPU.Build.0 = Release|Any CPU
	EndGlobalSection
	GlobalSection(NestedProjects) = preSolution
		{378DFFF2-90CC-4274-A647-D5FB99E4FC34} = {BDA412B9-3E71-4CC8-8658-0D67816A45D2}
		{F78EEA93-1088-45BD-81F2-850784FC0DB7} = {BDA412B9-3E71-4CC8-8658-0D67816A45D2}
		{9068E3FE-862D-40B5-9B0E-397FB4D999EA} = {4D48D5CC-A3A7-4A2F-9598-D3D408D5A3FA}
		{31317898-C349-4B77-8BE7-F94D8BCD23BE} = {4D48D5CC-A3A7-4A2F-9598-D3D408D5A3FA}
		{91F0D76E-74C4-4858-9D22-9D3E1AC20772} = {9068E3FE-862D-40B5-9B0E-397FB4D999EA}
		{3777A3B8-84DF-4F76-B725-E50667B32DE1} = {31317898-C349-4B77-8BE7-F94D8BCD23BE}
		{2B06A483-9F3D-4366-ADCC-5DB82D8A560D} = {4D48D5CC-A3A7-4A2F-9598-D3D408D5A3FA}
		{BCD708CD-19A9-4380-82DE-9A72A6507BB4} = {2B06A483-9F3D-4366-ADCC-5DB82D8A560D}
		{CC225848-324D-4171-936F-D8F3C5EE1D23} = {ED44B32D-89DC-48DC-B54D-B105B6932BA6}
		{AD2ED777-049D-4303-8EB7-A497C6804481} = {ED44B32D-89DC-48DC-B54D-B105B6932BA6}
		{487232C7-F48A-46AD-B00A-3FFD80386ED4} = {CC225848-324D-4171-936F-D8F3C5EE1D23}
		{407BC32E-2237-4DB9-BD74-2A8D5223E497} = {4D48D5CC-A3A7-4A2F-9598-D3D408D5A3FA}
		{F0E97FB8-CA06-400F-9443-B1B9E6C03DD7} = {407BC32E-2237-4DB9-BD74-2A8D5223E497}
		{FDFA4B47-DC24-40FF-8904-218A2EDD7EAF} = {AD2ED777-049D-4303-8EB7-A497C6804481}
		{1327AD60-5DF3-4971-9FC4-9ADCB58DC670} = {ED44B32D-89DC-48DC-B54D-B105B6932BA6}
		{4E328CDE-E186-4F02-AB02-126C0ECC20B3} = {1327AD60-5DF3-4971-9FC4-9ADCB58DC670}
		{95C5A09F-A06A-4746-81A6-9769439D23A0} = {DEAB742D-752D-43EB-BF7E-8798A1513E44}
		{0443C0CE-14C4-4D3C-9527-95E45A6E77F9} = {95C5A09F-A06A-4746-81A6-9769439D23A0}
		{C1D0A4AE-70C9-4DC1-8CFC-2A722B3EC02C} = {DEAB742D-752D-43EB-BF7E-8798A1513E44}
		{1A41620A-1D79-4F67-8F57-D34CC472AB1E} = {C1D0A4AE-70C9-4DC1-8CFC-2A722B3EC02C}
		{A6B658EC-6AD2-441C-8F59-817EEEE4173C} = {DEAB742D-752D-43EB-BF7E-8798A1513E44}
		{32C1E53E-7D04-4FA1-8CDB-35A034F7A890} = {A6B658EC-6AD2-441C-8F59-817EEEE4173C}
		{31832F73-7826-49D8-8A28-0FCBE6AF82C9} = {DEAB742D-752D-43EB-BF7E-8798A1513E44}
		{EFB6CE2D-188F-48F1-AB6B-BBAE6459B0F4} = {31832F73-7826-49D8-8A28-0FCBE6AF82C9}
		{4825C267-3650-4B5D-8410-4EDF4B846C5B} = {DEAB742D-752D-43EB-BF7E-8798A1513E44}
		{33B2CEBD-8FD7-4135-BE65-7E150AAAC1F9} = {4825C267-3650-4B5D-8410-4EDF4B846C5B}
		{30D5A0E2-A4B9-4BD4-82C8-FDD49F07456D} = {DEAB742D-752D-43EB-BF7E-8798A1513E44}
		{99486B24-A5F6-4BC2-AAC5-35CBBC97849E} = {30D5A0E2-A4B9-4BD4-82C8-FDD49F07456D}
	EndGlobalSection
EndGlobal
